{
	"name": "@creature-chess/shared",
	"version": "0.2.10",
	"lockfileVersion": 1,
	"requires": true,
	"dependencies": {
		"@babel/runtime": {
			"version": "7.11.2",
			"resolved": "https://registry.npmjs.org/@babel/runtime/-/runtime-7.11.2.tgz",
			"integrity": "sha512-TeWkU52so0mPtDcaCTxNBI/IHiz0pZgr8VEFqXFtZWpYD08ZB6FaSwVAS8MKRQAP3bYKiVjwysOJgMFY28o6Tw==",
			"requires": {
				"regenerator-runtime": "^0.13.4"
			}
		},
		"@redux-saga/core": {
			"version": "1.1.3",
			"resolved": "https://registry.npmjs.org/@redux-saga/core/-/core-1.1.3.tgz",
			"integrity": "sha512-8tInBftak8TPzE6X13ABmEtRJGjtK17w7VUs7qV17S8hCO5S3+aUTWZ/DBsBJPdE8Z5jOPwYALyvofgq1Ws+kg==",
			"requires": {
				"@babel/runtime": "^7.6.3",
				"@redux-saga/deferred": "^1.1.2",
				"@redux-saga/delay-p": "^1.1.2",
				"@redux-saga/is": "^1.1.2",
				"@redux-saga/symbols": "^1.1.2",
				"@redux-saga/types": "^1.1.0",
				"redux": "^4.0.4",
				"typescript-tuple": "^2.2.1"
			}
		},
		"@redux-saga/deferred": {
			"version": "1.1.2",
			"resolved": "https://registry.npmjs.org/@redux-saga/deferred/-/deferred-1.1.2.tgz",
			"integrity": "sha512-908rDLHFN2UUzt2jb4uOzj6afpjgJe3MjICaUNO3bvkV/kN/cNeI9PMr8BsFXB/MR8WTAZQq/PlTq8Kww3TBSQ=="
		},
		"@redux-saga/delay-p": {
			"version": "1.1.2",
			"resolved": "https://registry.npmjs.org/@redux-saga/delay-p/-/delay-p-1.1.2.tgz",
			"integrity": "sha512-ojc+1IoC6OP65Ts5+ZHbEYdrohmIw1j9P7HS9MOJezqMYtCDgpkoqB5enAAZrNtnbSL6gVCWPHaoaTY5KeO0/g==",
			"requires": {
				"@redux-saga/symbols": "^1.1.2"
			}
		},
		"@redux-saga/is": {
			"version": "1.1.2",
			"resolved": "https://registry.npmjs.org/@redux-saga/is/-/is-1.1.2.tgz",
			"integrity": "sha512-OLbunKVsCVNTKEf2cH4TYyNbbPgvmZ52iaxBD4I1fTif4+MTXMa4/Z07L83zW/hTCXwpSZvXogqMqLfex2Tg6w==",
			"requires": {
				"@redux-saga/symbols": "^1.1.2",
				"@redux-saga/types": "^1.1.0"
			}
		},
		"@redux-saga/symbols": {
			"version": "1.1.2",
			"resolved": "https://registry.npmjs.org/@redux-saga/symbols/-/symbols-1.1.2.tgz",
			"integrity": "sha512-EfdGnF423glv3uMwLsGAtE6bg+R9MdqlHEzExnfagXPrIiuxwr3bdiAwz3gi+PsrQ3yBlaBpfGLtDG8rf3LgQQ=="
		},
		"@redux-saga/types": {
			"version": "1.1.0",
			"resolved": "https://registry.npmjs.org/@redux-saga/types/-/types-1.1.0.tgz",
			"integrity": "sha512-afmTuJrylUU/0OtqzaRkbyYFFNgCF73Bvel/sw90pvGrWIZ+vyoIJqA6eMSoA6+nb443kTmulmBtC9NerXboNg=="
		},
		"@types/redux": {
			"version": "3.6.0",
			"resolved": "https://registry.npmjs.org/@types/redux/-/redux-3.6.0.tgz",
			"integrity": "sha1-8evh5UEVGAcuT9/KXHbhbnTBOZo=",
			"requires": {
				"redux": "*"
			}
		},
		"@types/redux-saga": {
			"version": "0.10.5",
			"resolved": "https://registry.npmjs.org/@types/redux-saga/-/redux-saga-0.10.5.tgz",
			"integrity": "sha1-gL8hB4N568lzh9vlbkRGe1Z3+oU=",
			"requires": {
				"redux-saga": "*"
			}
		},
		"@types/uuid": {
			"version": "8.3.0",
			"resolved": "https://registry.npmjs.org/@types/uuid/-/uuid-8.3.0.tgz",
			"integrity": "sha512-eQ9qFW/fhfGJF8WKHGEHZEyVWfZxrT+6CLIJGBcZPfxUh/+BnEj+UCGYMlr9qZuX/2AltsvwrGqp0LhEW8D0zQ=="
		},
		"array-map": {
			"version": "0.0.0",
			"resolved": "https://registry.npmjs.org/array-map/-/array-map-0.0.0.tgz",
			"integrity": "sha1-iKK6tz0c97zVwbEYoAP2b2ZfpmI="
		},
		"array-reduce": {
			"version": "0.0.0",
			"resolved": "https://registry.npmjs.org/array-reduce/-/array-reduce-0.0.0.tgz",
			"integrity": "sha1-FziZ0//Rx9k4PkR5Ul2+J4yrXys="
		},
		"core-js": {
			"version": "2.6.11",
			"resolved": "https://registry.npmjs.org/core-js/-/core-js-2.6.11.tgz",
			"integrity": "sha512-5wjnpaT/3dV+XB4borEsnAYQchn00XSgTAWKDkEqv+K8KevjbzmofK6hfJ9TZIlpj2N0xQpazy7PiRQiWHqzWg=="
		},
		"delay": {
			"version": "4.4.0",
			"resolved": "https://registry.npmjs.org/delay/-/delay-4.4.0.tgz",
			"integrity": "sha512-txgOrJu3OdtOfTiEOT2e76dJVfG/1dz2NZ4F0Pyt4UGZJryssMRp5vdM5wQoLwSOBNdrJv3F9PAhp/heqd7vrA=="
		},
		"foreach": {
			"version": "2.0.4",
			"resolved": "https://registry.npmjs.org/foreach/-/foreach-2.0.4.tgz",
			"integrity": "sha1-zF0NiuHUbMmlVcJoL5EJd4WZNd8="
		},
		"fsm-iterator": {
			"version": "1.1.0",
			"resolved": "https://registry.npmjs.org/fsm-iterator/-/fsm-iterator-1.1.0.tgz",
			"integrity": "sha1-M33kXeGesgV4jPAuOpVewgZ2Dew="
		},
		"indexof": {
			"version": "0.0.1",
			"resolved": "https://registry.npmjs.org/indexof/-/indexof-0.0.1.tgz",
			"integrity": "sha1-gtwzbSMrkGIXnQWrMpOmYFn9Q10="
		},
		"isarray": {
			"version": "0.0.1",
			"resolved": "https://registry.npmjs.org/isarray/-/isarray-0.0.1.tgz",
			"integrity": "sha1-ihis/Kmo9Bd+Cav8YDiTmwXR7t8="
		},
		"javascript-astar": {
			"version": "0.4.1",
			"resolved": "https://registry.npmjs.org/javascript-astar/-/javascript-astar-0.4.1.tgz",
			"integrity": "sha1-5J3ZoVNcmphnUJH3JY5p2YOBFwM="
		},
		"js-tokens": {
			"version": "4.0.0",
			"resolved": "https://registry.npmjs.org/js-tokens/-/js-tokens-4.0.0.tgz",
			"integrity": "sha512-RdJUflcE3cUzKiMqQgsCu06FPu9UdIJO0beYbPhHN4k6apgJtifcoCtT9bcxOpYBtpD2kCM6Sbzg4CausW/PKQ=="
		},
		"json3": {
			"version": "3.3.0",
			"resolved": "https://registry.npmjs.org/json3/-/json3-3.3.0.tgz",
			"integrity": "sha1-Dp5/bF0nC3WJKa9Nb+/chL1m4lk="
		},
		"lodash.isequal": {
			"version": "4.5.0",
			"resolved": "https://registry.npmjs.org/lodash.isequal/-/lodash.isequal-4.5.0.tgz",
			"integrity": "sha1-QVxEePK8wwEgwizhDtMib30+GOA="
		},
		"lodash.ismatch": {
			"version": "4.4.0",
			"resolved": "https://registry.npmjs.org/lodash.ismatch/-/lodash.ismatch-4.4.0.tgz",
			"integrity": "sha1-dWy1FQyjum8RCFp4hJZF8Yj4Xzc="
		},
		"lodash.shuffle": {
			"version": "4.2.0",
			"resolved": "https://registry.npmjs.org/lodash.shuffle/-/lodash.shuffle-4.2.0.tgz",
			"integrity": "sha1-FFtQU8+HX29cKjP0i26ZSMbse0s="
		},
		"loose-envify": {
			"version": "1.4.0",
			"resolved": "https://registry.npmjs.org/loose-envify/-/loose-envify-1.4.0.tgz",
			"integrity": "sha512-lyuxPGr/Wfhrlem2CL/UcnUc1zcqKAImBDzukY7Y5F/yQiNdko6+fRLevlw1HgMySw7f611UIY408EtxRSoK3Q==",
			"requires": {
				"js-tokens": "^3.0.0 || ^4.0.0"
			}
		},
		"object-assign": {
			"version": "4.1.1",
			"resolved": "https://registry.npmjs.org/object-assign/-/object-assign-4.1.1.tgz",
			"integrity": "sha1-IQmtx5ZYh8/AXLvUQsrIv7s2CGM="
		},
		"object-keys": {
			"version": "0.5.0",
			"resolved": "https://registry.npmjs.org/object-keys/-/object-keys-0.5.0.tgz",
			"integrity": "sha1-CeIR8+ADGK/E9ZLjbnzcENmtcpM="
		},
		"p-defer": {
			"version": "2.1.0",
			"resolved": "https://registry.npmjs.org/p-defer/-/p-defer-2.1.0.tgz",
			"integrity": "sha512-xMwL9id1bHn/UfNGFEMFwlULOprQUEOg6vhqSfr6oKxPFB0oSh0zhGq/9/tPSE+cyij2+RW6H8+0Ke4xsPdZ7Q=="
		},
		"present": {
			"version": "1.0.0",
			"resolved": "https://registry.npmjs.org/present/-/present-1.0.0.tgz",
			"integrity": "sha1-bS+GW+epaIURj0Zg6D4hYftxzys="
		},
		"redux": {
			"version": "4.0.5",
			"resolved": "https://registry.npmjs.org/redux/-/redux-4.0.5.tgz",
			"integrity": "sha512-VSz1uMAH24DM6MF72vcojpYPtrTUu3ByVWfPL1nPfVRb5mZVTve5GnNCUV53QM/BZ66xfWrm0CTWoM+Xlz8V1w==",
			"requires": {
				"loose-envify": "^1.4.0",
				"symbol-observable": "^1.2.0"
			}
		},
		"redux-saga": {
			"version": "1.1.3",
			"resolved": "https://registry.npmjs.org/redux-saga/-/redux-saga-1.1.3.tgz",
			"integrity": "sha512-RkSn/z0mwaSa5/xH/hQLo8gNf4tlvT18qXDNvedihLcfzh+jMchDgaariQoehCpgRltEm4zHKJyINEz6aqswTw==",
			"requires": {
				"@redux-saga/core": "^1.1.3"
			}
		},
		"redux-saga-test-plan": {
			"version": "4.0.1",
			"resolved": "https://registry.npmjs.org/redux-saga-test-plan/-/redux-saga-test-plan-4.0.1.tgz",
			"integrity": "sha512-UBtb6l8ETKfE/sHZisTIa60t/CdDH7o8epobW6JEFkOqp9hXNgicBdMxWl97i1144eZun8OudbMsL2nvrdnoWA==",
			"requires": {
				"core-js": "^2.4.1",
				"fsm-iterator": "^1.1.0",
				"lodash.isequal": "^4.5.0",
				"lodash.ismatch": "^4.4.0",
				"object-assign": "^4.1.0",
				"util-inspect": "^0.1.8"
			}
		},
		"regenerator-runtime": {
			"version": "0.13.7",
			"resolved": "https://registry.npmjs.org/regenerator-runtime/-/regenerator-runtime-0.13.7.tgz",
			"integrity": "sha512-a54FxoJDIr27pgf7IgeQGxmqUNYrcV338lf/6gH456HZ/PhX+5BcwHXG9ajESmwe6WRO0tAzRUrRmNONWgkrew=="
		},
		"symbol-observable": {
			"version": "1.2.0",
			"resolved": "https://registry.npmjs.org/symbol-observable/-/symbol-observable-1.2.0.tgz",
			"integrity": "sha512-e900nM8RRtGhlV36KGEU9k65K3mPb1WV70OdjfxlG2EAuM1noi/E/BaW/uMhL7bPEssK8QV57vN3esixjUvcXQ=="
		},
		"typescript-compare": {
			"version": "0.0.2",
			"resolved": "https://registry.npmjs.org/typescript-compare/-/typescript-compare-0.0.2.tgz",
			"integrity": "sha512-8ja4j7pMHkfLJQO2/8tut7ub+J3Lw2S3061eJLFQcvs3tsmJKp8KG5NtpLn7KcY2w08edF74BSVN7qJS0U6oHA==",
			"requires": {
				"typescript-logic": "^0.0.0"
			}
		},
		"typescript-logic": {
			"version": "0.0.0",
			"resolved": "https://registry.npmjs.org/typescript-logic/-/typescript-logic-0.0.0.tgz",
			"integrity": "sha512-zXFars5LUkI3zP492ls0VskH3TtdeHCqu0i7/duGt60i5IGPIpAHE/DWo5FqJ6EjQ15YKXrt+AETjv60Dat34Q=="
		},
		"typescript-tuple": {
			"version": "2.2.1",
			"resolved": "https://registry.npmjs.org/typescript-tuple/-/typescript-tuple-2.2.1.tgz",
			"integrity": "sha512-Zcr0lbt8z5ZdEzERHAMAniTiIKerFCMgd7yjq1fPnDJ43et/k9twIFQMUYff9k5oXcsQ0WpvFcgzK2ZKASoW6Q==",
			"requires": {
				"typescript-compare": "^0.0.2"
			}
		},
		"util-inspect": {
			"version": "0.1.8",
			"resolved": "https://registry.npmjs.org/util-inspect/-/util-inspect-0.1.8.tgz",
			"integrity": "sha1-KznbzS2SHy2EMJI8r/QPS1zqXbE=",
			"requires": {
				"array-map": "0.0.0",
				"array-reduce": "0.0.0",
				"foreach": "2.0.4",
				"indexof": "0.0.1",
				"isarray": "0.0.1",
				"json3": "3.3.0",
				"object-keys": "0.5.0"
			}
		},
		"uuid": {
			"version": "8.3.1",
			"resolved": "https://registry.npmjs.org/uuid/-/uuid-8.3.1.tgz",
			"integrity": "sha512-FOmRr+FmWEIG8uhZv6C2bTgEVXsHk08kE7mPlrBbEe+c3r9pjceVPgupIfNIhc4yx55H69OXANrUaSuu9eInKg=="
		}
	}
}
