{
	"name": "@creature-chess/app",
	"version": "0.0.0",
	"lockfileVersion": 1,
	"requires": true,
	"dependencies": {
		"@babel/runtime": {
			"version": "7.11.2",
			"resolved": "https://registry.npmjs.org/@babel/runtime/-/runtime-7.11.2.tgz",
			"integrity": "sha512-TeWkU52so0mPtDcaCTxNBI/IHiz0pZgr8VEFqXFtZWpYD08ZB6FaSwVAS8MKRQAP3bYKiVjwysOJgMFY28o6Tw==",
			"requires": {
				"regenerator-runtime": "^0.13.4"
			}
		},
		"@fortawesome/fontawesome-common-types": {
			"version": "0.2.30",
			"resolved": "https://registry.npmjs.org/@fortawesome/fontawesome-common-types/-/fontawesome-common-types-0.2.30.tgz",
			"integrity": "sha512-TsRwpTuKwFNiPhk1UfKgw7zNPeV5RhNp2Uw3pws+9gDAkPGKrtjR1y2lI3SYn7+YzyfuNknflpBA1LRKjt7hMg=="
		},
		"@fortawesome/fontawesome-svg-core": {
			"version": "1.2.30",
			"resolved": "https://registry.npmjs.org/@fortawesome/fontawesome-svg-core/-/fontawesome-svg-core-1.2.30.tgz",
			"integrity": "sha512-E3sAXATKCSVnT17HYmZjjbcmwihrNOCkoU7dVMlasrcwiJAHxSKeZ+4WN5O+ElgO/FaYgJmASl8p9N7/B/RttA==",
			"requires": {
				"@fortawesome/fontawesome-common-types": "^0.2.30"
			}
		},
		"@fortawesome/free-solid-svg-icons": {
			"version": "5.14.0",
			"resolved": "https://registry.npmjs.org/@fortawesome/free-solid-svg-icons/-/free-solid-svg-icons-5.14.0.tgz",
			"integrity": "sha512-M933RDM8cecaKMWDSk3FRYdnzWGW7kBBlGNGfvqLVwcwhUPNj9gcw+xZMrqBdRqxnSXdl3zWzTCNNGEtFUq67Q==",
			"requires": {
				"@fortawesome/fontawesome-common-types": "^0.2.30"
			}
		},
		"@fortawesome/react-fontawesome": {
			"version": "0.1.11",
			"resolved": "https://registry.npmjs.org/@fortawesome/react-fontawesome/-/react-fontawesome-0.1.11.tgz",
			"integrity": "sha512-sClfojasRifQKI0OPqTy8Ln8iIhnxR/Pv/hukBhWnBz9kQRmqi6JSH3nghlhAY7SUeIIM7B5/D2G8WjX0iepVg==",
			"requires": {
				"prop-types": "^15.7.2"
			}
		},
		"@react-dnd/asap": {
			"version": "4.0.0",
			"resolved": "https://registry.npmjs.org/@react-dnd/asap/-/asap-4.0.0.tgz",
			"integrity": "sha512-0XhqJSc6pPoNnf8DhdsPHtUhRzZALVzYMTzRwV4VI6DJNJ/5xxfL9OQUwb8IH5/2x7lSf7nAZrnzUD+16VyOVQ=="
		},
		"@react-dnd/invariant": {
			"version": "2.0.0",
			"resolved": "https://registry.npmjs.org/@react-dnd/invariant/-/invariant-2.0.0.tgz",
			"integrity": "sha512-xL4RCQBCBDJ+GRwKTFhGUW8GXa4yoDfJrPbLblc3U09ciS+9ZJXJ3Qrcs/x2IODOdIE5kQxvMmE2UKyqUictUw=="
		},
		"@react-dnd/shallowequal": {
			"version": "2.0.0",
			"resolved": "https://registry.npmjs.org/@react-dnd/shallowequal/-/shallowequal-2.0.0.tgz",
			"integrity": "sha512-Pc/AFTdwZwEKJxFJvlxrSmGe/di+aAOBn60sremrpLo6VI/6cmiUYNNwlI5KNYttg7uypzA3ILPMPgxB2GYZEg=="
		},
		"@redux-saga/core": {
			"version": "1.1.3",
			"resolved": "https://registry.npmjs.org/@redux-saga/core/-/core-1.1.3.tgz",
			"integrity": "sha512-8tInBftak8TPzE6X13ABmEtRJGjtK17w7VUs7qV17S8hCO5S3+aUTWZ/DBsBJPdE8Z5jOPwYALyvofgq1Ws+kg==",
			"requires": {
				"@babel/runtime": "^7.6.3",
				"@redux-saga/deferred": "^1.1.2",
				"@redux-saga/delay-p": "^1.1.2",
				"@redux-saga/is": "^1.1.2",
				"@redux-saga/symbols": "^1.1.2",
				"@redux-saga/types": "^1.1.0",
				"redux": "^4.0.4",
				"typescript-tuple": "^2.2.1"
			}
		},
		"@redux-saga/deferred": {
			"version": "1.1.2",
			"resolved": "https://registry.npmjs.org/@redux-saga/deferred/-/deferred-1.1.2.tgz",
			"integrity": "sha512-908rDLHFN2UUzt2jb4uOzj6afpjgJe3MjICaUNO3bvkV/kN/cNeI9PMr8BsFXB/MR8WTAZQq/PlTq8Kww3TBSQ=="
		},
		"@redux-saga/delay-p": {
			"version": "1.1.2",
			"resolved": "https://registry.npmjs.org/@redux-saga/delay-p/-/delay-p-1.1.2.tgz",
			"integrity": "sha512-ojc+1IoC6OP65Ts5+ZHbEYdrohmIw1j9P7HS9MOJezqMYtCDgpkoqB5enAAZrNtnbSL6gVCWPHaoaTY5KeO0/g==",
			"requires": {
				"@redux-saga/symbols": "^1.1.2"
			}
		},
		"@redux-saga/is": {
			"version": "1.1.2",
			"resolved": "https://registry.npmjs.org/@redux-saga/is/-/is-1.1.2.tgz",
			"integrity": "sha512-OLbunKVsCVNTKEf2cH4TYyNbbPgvmZ52iaxBD4I1fTif4+MTXMa4/Z07L83zW/hTCXwpSZvXogqMqLfex2Tg6w==",
			"requires": {
				"@redux-saga/symbols": "^1.1.2",
				"@redux-saga/types": "^1.1.0"
			}
		},
		"@redux-saga/symbols": {
			"version": "1.1.2",
			"resolved": "https://registry.npmjs.org/@redux-saga/symbols/-/symbols-1.1.2.tgz",
			"integrity": "sha512-EfdGnF423glv3uMwLsGAtE6bg+R9MdqlHEzExnfagXPrIiuxwr3bdiAwz3gi+PsrQ3yBlaBpfGLtDG8rf3LgQQ=="
		},
		"@redux-saga/types": {
			"version": "1.1.0",
			"resolved": "https://registry.npmjs.org/@redux-saga/types/-/types-1.1.0.tgz",
			"integrity": "sha512-afmTuJrylUU/0OtqzaRkbyYFFNgCF73Bvel/sw90pvGrWIZ+vyoIJqA6eMSoA6+nb443kTmulmBtC9NerXboNg=="
		},
		"@types/auth0-js": {
			"version": "9.13.4",
			"resolved": "https://registry.npmjs.org/@types/auth0-js/-/auth0-js-9.13.4.tgz",
			"integrity": "sha512-cNF8SB9lrNkjsq1Y3SZxcQt4pLW3HEqvLjJT7+26oPTngbExxRWONSXre1N+xJzcVHhrtn8A3uF0Ca+CoZ9qSw=="
		},
		"@types/history": {
			"version": "4.7.7",
			"resolved": "https://registry.npmjs.org/@types/history/-/history-4.7.7.tgz",
			"integrity": "sha512-2xtoL22/3Mv6a70i4+4RB7VgbDDORoWwjcqeNysojZA0R7NK17RbY5Gof/2QiFfJgX+KkWghbwJ+d/2SB8Ndzg=="
		},
		"@types/hoist-non-react-statics": {
			"version": "3.3.1",
			"resolved": "https://registry.npmjs.org/@types/hoist-non-react-statics/-/hoist-non-react-statics-3.3.1.tgz",
			"integrity": "sha512-iMIqiko6ooLrTh1joXodJK5X9xeEALT1kM5G3ZLhD3hszxBdIEd5C75U834D9mLcINgD4OyZf5uQXjkuYydWvA==",
			"requires": {
				"@types/react": "*",
				"hoist-non-react-statics": "^3.3.0"
			}
		},
		"@types/lodash": {
			"version": "4.14.161",
			"resolved": "https://registry.npmjs.org/@types/lodash/-/lodash-4.14.161.tgz",
			"integrity": "sha512-EP6O3Jkr7bXvZZSZYlsgt5DIjiGr0dXP1/jVEwVLTFgg0d+3lWVQkRavYVQszV7dYUwvg0B8R0MBDpcmXg7XIA=="
		},
		"@types/prop-types": {
			"version": "15.7.3",
			"resolved": "https://registry.npmjs.org/@types/prop-types/-/prop-types-15.7.3.tgz",
			"integrity": "sha512-KfRL3PuHmqQLOG+2tGpRO26Ctg+Cq1E01D2DMriKEATHgWLfeNDmq9e29Q9WIky0dQ3NPkd1mzYH8Lm936Z9qw=="
		},
		"@types/react": {
			"version": "16.9.49",
			"resolved": "https://registry.npmjs.org/@types/react/-/react-16.9.49.tgz",
			"integrity": "sha512-DtLFjSj0OYAdVLBbyjhuV9CdGVHCkHn2R+xr3XkBvK2rS1Y1tkc14XSGjYgm5Fjjr90AxH9tiSzc1pCFMGO06g==",
			"requires": {
				"@types/prop-types": "*",
				"csstype": "^3.0.2"
			}
		},
		"@types/react-dom": {
			"version": "16.9.8",
			"resolved": "https://registry.npmjs.org/@types/react-dom/-/react-dom-16.9.8.tgz",
			"integrity": "sha512-ykkPQ+5nFknnlU6lDd947WbQ6TE3NNzbQAkInC2EKY1qeYdTKp7onFusmYZb+ityzx2YviqT6BXSu+LyWWJwcA==",
			"requires": {
				"@types/react": "*"
			}
		},
		"@types/react-redux": {
			"version": "7.1.9",
			"resolved": "https://registry.npmjs.org/@types/react-redux/-/react-redux-7.1.9.tgz",
			"integrity": "sha512-mpC0jqxhP4mhmOl3P4ipRsgTgbNofMRXJb08Ms6gekViLj61v1hOZEKWDCyWsdONr6EjEA6ZHXC446wdywDe0w==",
			"requires": {
				"@types/hoist-non-react-statics": "^3.3.0",
				"@types/react": "*",
				"hoist-non-react-statics": "^3.3.0",
				"redux": "^4.0.0"
			}
		},
		"@types/react-router": {
			"version": "5.1.8",
			"resolved": "https://registry.npmjs.org/@types/react-router/-/react-router-5.1.8.tgz",
			"integrity": "sha512-HzOyJb+wFmyEhyfp4D4NYrumi+LQgQL/68HvJO+q6XtuHSDvw6Aqov7sCAhjbNq3bUPgPqbdvjXC5HeB2oEAPg==",
			"requires": {
				"@types/history": "*",
				"@types/react": "*"
			}
		},
		"@types/react-router-dom": {
			"version": "5.1.5",
			"resolved": "https://registry.npmjs.org/@types/react-router-dom/-/react-router-dom-5.1.5.tgz",
			"integrity": "sha512-ArBM4B1g3BWLGbaGvwBGO75GNFbLDUthrDojV2vHLih/Tq8M+tgvY1DSwkuNrPSwdp/GUL93WSEpTZs8nVyJLw==",
			"requires": {
				"@types/history": "*",
				"@types/react": "*",
				"@types/react-router": "*"
			}
		},
		"@types/redux": {
			"version": "3.6.0",
			"resolved": "https://registry.npmjs.org/@types/redux/-/redux-3.6.0.tgz",
			"integrity": "sha1-8evh5UEVGAcuT9/KXHbhbnTBOZo=",
			"requires": {
				"redux": "*"
			}
		},
		"@types/redux-saga": {
			"version": "0.10.5",
			"resolved": "https://registry.npmjs.org/@types/redux-saga/-/redux-saga-0.10.5.tgz",
			"integrity": "sha1-gL8hB4N568lzh9vlbkRGe1Z3+oU=",
			"requires": {
				"redux-saga": "*"
			}
		},
		"@types/socket.io-client": {
			"version": "1.4.33",
			"resolved": "https://registry.npmjs.org/@types/socket.io-client/-/socket.io-client-1.4.33.tgz",
			"integrity": "sha512-m4LnxkljsI9fMsjwpW5QhRpMixo2BeeLpFmg0AE+sS4H1pzAd/cs/ftTiL60FLZgfFa8PFRPx5KsHu8O0bADKQ=="
		},
		"after": {
			"version": "0.8.2",
			"resolved": "https://registry.npmjs.org/after/-/after-0.8.2.tgz",
			"integrity": "sha1-/ts5T58OAqqXaOcCvaI7UF+ufh8="
		},
		"arraybuffer.slice": {
			"version": "0.0.7",
			"resolved": "https://registry.npmjs.org/arraybuffer.slice/-/arraybuffer.slice-0.0.7.tgz",
			"integrity": "sha512-wGUIVQXuehL5TCqQun8OW81jGzAWycqzFF8lFp+GOM5BXLYj3bKNsYC4daB7n6XjCqxQA/qgTJ+8ANR3acjrog=="
		},
		"async-limiter": {
			"version": "1.0.1",
			"resolved": "https://registry.npmjs.org/async-limiter/-/async-limiter-1.0.1.tgz",
			"integrity": "sha512-csOlWGAcRFJaI6m+F2WKdnMKr4HhdhFVBk0H/QbJFMCr+uO2kwohwXQPxw/9OCxp05r5ghVBFSyioixx3gfkNQ=="
		},
		"asynckit": {
			"version": "0.4.0",
			"resolved": "https://registry.npmjs.org/asynckit/-/asynckit-0.4.0.tgz",
			"integrity": "sha1-x57Zf380y48robyXkLzDZkdLS3k="
		},
		"auth0-js": {
			"version": "9.13.4",
			"resolved": "https://registry.npmjs.org/auth0-js/-/auth0-js-9.13.4.tgz",
			"integrity": "sha512-G7wXTtEUe8OG5UMdcFPoS47odorEZ3WerNyWLLhoGlLqYcPgv0t+B0ECHv/rVLULbpctbSBrRFFYa43/bJV4+Q==",
			"requires": {
				"base64-js": "^1.3.0",
				"idtoken-verifier": "^2.0.3",
				"js-cookie": "^2.2.0",
				"qs": "^6.7.0",
				"superagent": "^3.8.3",
				"url-join": "^4.0.1",
				"winchan": "^0.2.2"
			}
		},
		"backo2": {
			"version": "1.0.2",
			"resolved": "https://registry.npmjs.org/backo2/-/backo2-1.0.2.tgz",
			"integrity": "sha1-MasayLEpNjRj41s+u2n038+6eUc="
		},
		"base64-arraybuffer": {
			"version": "0.1.5",
			"resolved": "https://registry.npmjs.org/base64-arraybuffer/-/base64-arraybuffer-0.1.5.tgz",
			"integrity": "sha1-c5JncZI7Whl0etZmqlzUv5xunOg="
		},
		"base64-js": {
			"version": "1.3.1",
			"resolved": "https://registry.npmjs.org/base64-js/-/base64-js-1.3.1.tgz",
			"integrity": "sha512-mLQ4i2QO1ytvGWFWmcngKO//JXAQueZvwEKtjgQFM4jIK0kU+ytMfplL8j+n5mspOfjHwoAg+9yhb7BwAHm36g=="
		},
		"better-assert": {
			"version": "1.0.2",
			"resolved": "https://registry.npmjs.org/better-assert/-/better-assert-1.0.2.tgz",
			"integrity": "sha1-QIZrnhueC1W0gYlDEeaPr/rrxSI=",
			"requires": {
				"callsite": "1.0.0"
			}
		},
		"blob": {
			"version": "0.0.5",
			"resolved": "https://registry.npmjs.org/blob/-/blob-0.0.5.tgz",
			"integrity": "sha512-gaqbzQPqOoamawKg0LGVd7SzLgXS+JH61oWprSLH+P+abTczqJbhTR8CmJ2u9/bUYNmHTGJx/UEmn6doAvvuig=="
		},
		"callsite": {
			"version": "1.0.0",
			"resolved": "https://registry.npmjs.org/callsite/-/callsite-1.0.0.tgz",
			"integrity": "sha1-KAOY5dZkvXQDi28JBRU+borxvCA="
		},
		"combined-stream": {
			"version": "1.0.8",
			"resolved": "https://registry.npmjs.org/combined-stream/-/combined-stream-1.0.8.tgz",
			"integrity": "sha512-FQN4MRfuJeHf7cBbBMJFXhKSDq+2kAArBlmRBvcvFE5BB1HZKXtSFASDhdlz9zOYwxh8lDdnvmMOe/+5cdoEdg==",
			"requires": {
				"delayed-stream": "~1.0.0"
			}
		},
		"component-bind": {
			"version": "1.0.0",
			"resolved": "https://registry.npmjs.org/component-bind/-/component-bind-1.0.0.tgz",
			"integrity": "sha1-AMYIq33Nk4l8AAllGx06jh5zu9E="
		},
		"component-emitter": {
			"version": "1.3.0",
			"resolved": "https://registry.npmjs.org/component-emitter/-/component-emitter-1.3.0.tgz",
			"integrity": "sha512-Rd3se6QB+sO1TwqZjscQrurpEPIfO0/yYnSin6Q/rD3mOutHvUrCAhJub3r90uNb+SESBuE0QYoB90YdfatsRg=="
		},
		"component-inherit": {
			"version": "0.0.3",
			"resolved": "https://registry.npmjs.org/component-inherit/-/component-inherit-0.0.3.tgz",
			"integrity": "sha1-ZF/ErfWLcrZJ1crmUTVhnbJv8UM="
		},
		"cookiejar": {
			"version": "2.1.2",
			"resolved": "https://registry.npmjs.org/cookiejar/-/cookiejar-2.1.2.tgz",
			"integrity": "sha512-Mw+adcfzPxcPeI+0WlvRrr/3lGVO0bD75SxX6811cxSh1Wbxx7xZBGK1eVtDf6si8rg2lhnUjsVLMFMfbRIuwA=="
		},
		"core-util-is": {
			"version": "1.0.2",
			"resolved": "https://registry.npmjs.org/core-util-is/-/core-util-is-1.0.2.tgz",
			"integrity": "sha1-tf1UIgqivFq1eqtxQMlAdUUDwac="
		},
		"crypto-js": {
			"version": "3.3.0",
			"resolved": "https://registry.npmjs.org/crypto-js/-/crypto-js-3.3.0.tgz",
			"integrity": "sha512-DIT51nX0dCfKltpRiXV+/TVZq+Qq2NgF4644+K7Ttnla7zEzqc+kjJyiB96BHNyUTBxyjzRcZYpUdZa+QAqi6Q=="
		},
		"csstype": {
			"version": "3.0.3",
			"resolved": "https://registry.npmjs.org/csstype/-/csstype-3.0.3.tgz",
			"integrity": "sha512-jPl+wbWPOWJ7SXsWyqGRk3lGecbar0Cb0OvZF/r/ZU011R4YqiRehgkQ9p4eQfo9DSDLqLL3wHwfxeJiuIsNag=="
		},
		"debug": {
			"version": "3.2.6",
			"resolved": "https://registry.npmjs.org/debug/-/debug-3.2.6.tgz",
			"integrity": "sha512-mel+jf7nrtEl5Pn1Qx46zARXKDpBbvzezse7p7LqINmdoIk8PYP5SySaxEmYv6TZ0JyEKA1hsCId6DIhgITtWQ==",
			"requires": {
				"ms": "^2.1.1"
			}
		},
		"delay": {
			"version": "4.4.0",
			"resolved": "https://registry.npmjs.org/delay/-/delay-4.4.0.tgz",
			"integrity": "sha512-txgOrJu3OdtOfTiEOT2e76dJVfG/1dz2NZ4F0Pyt4UGZJryssMRp5vdM5wQoLwSOBNdrJv3F9PAhp/heqd7vrA=="
		},
		"delayed-stream": {
			"version": "1.0.0",
			"resolved": "https://registry.npmjs.org/delayed-stream/-/delayed-stream-1.0.0.tgz",
			"integrity": "sha1-3zrhmayt+31ECqrgsp4icrJOxhk="
		},
		"dnd-core": {
			"version": "10.0.2",
			"resolved": "https://registry.npmjs.org/dnd-core/-/dnd-core-10.0.2.tgz",
			"integrity": "sha512-PrxEjxF0+6Y1n1n1Z9hSWZ1tvnDXv9syL+BccV1r1RC08uWNsyetf8AnWmUF3NgYPwy0HKQJwTqGkZK+1NlaFA==",
			"requires": {
				"@react-dnd/asap": "^4.0.0",
				"@react-dnd/invariant": "^2.0.0",
				"redux": "^4.0.4"
			}
		},
		"dnd-multi-backend": {
			"version": "5.0.1",
			"resolved": "https://registry.npmjs.org/dnd-multi-backend/-/dnd-multi-backend-5.0.1.tgz",
			"integrity": "sha512-BAOj6fIeGfZPA1LreehaV8mUD7Ww0EpaKqSDRrZ5mZXLWLIxFPPT3bIvpJhHUCt0+lTrOqkXu11Hudh+gHXNUA=="
		},
		"engine.io-client": {
			"version": "3.4.3",
			"resolved": "https://registry.npmjs.org/engine.io-client/-/engine.io-client-3.4.3.tgz",
			"integrity": "sha512-0NGY+9hioejTEJCaSJZfWZLk4FPI9dN+1H1C4+wj2iuFba47UgZbJzfWs4aNFajnX/qAaYKbe2lLTfEEWzCmcw==",
			"requires": {
				"component-emitter": "~1.3.0",
				"component-inherit": "0.0.3",
				"debug": "~4.1.0",
				"engine.io-parser": "~2.2.0",
				"has-cors": "1.1.0",
				"indexof": "0.0.1",
				"parseqs": "0.0.5",
				"parseuri": "0.0.5",
				"ws": "~6.1.0",
				"xmlhttprequest-ssl": "~1.5.4",
				"yeast": "0.1.2"
			},
			"dependencies": {
				"debug": {
					"version": "4.1.1",
					"resolved": "https://registry.npmjs.org/debug/-/debug-4.1.1.tgz",
					"integrity": "sha512-pYAIzeRo8J6KPEaJ0VWOh5Pzkbw/RetuzehGM7QRRX5he4fPHx2rdKMB256ehJCkX+XRQm16eZLqLNS8RSZXZw==",
					"requires": {
						"ms": "^2.1.1"
					}
				}
			}
		},
		"engine.io-parser": {
			"version": "2.2.0",
			"resolved": "https://registry.npmjs.org/engine.io-parser/-/engine.io-parser-2.2.0.tgz",
			"integrity": "sha512-6I3qD9iUxotsC5HEMuuGsKA0cXerGz+4uGcXQEkfBidgKf0amsjrrtwcbwK/nzpZBxclXlV7gGl9dgWvu4LF6w==",
			"requires": {
				"after": "0.8.2",
				"arraybuffer.slice": "~0.0.7",
				"base64-arraybuffer": "0.1.5",
				"blob": "0.0.5",
				"has-binary2": "~1.0.2"
			}
		},
		"es6-promise": {
			"version": "4.2.8",
			"resolved": "https://registry.npmjs.org/es6-promise/-/es6-promise-4.2.8.tgz",
			"integrity": "sha512-HJDGx5daxeIvxdBxvG2cb9g4tEvwIk3i8+nhX0yGrYmZUzbkdg8QbDevheDB8gd0//uPj4c1EQua8Q+MViT0/w=="
		},
		"extend": {
			"version": "3.0.2",
			"resolved": "https://registry.npmjs.org/extend/-/extend-3.0.2.tgz",
			"integrity": "sha512-fjquC59cD7CyW6urNXK0FBufkZcoiGG80wTuPujX590cB5Ttln20E2UB4S/WARVqhXffZl2LNgS+gQdPIIim/g=="
		},
		"form-data": {
			"version": "2.5.1",
			"resolved": "https://registry.npmjs.org/form-data/-/form-data-2.5.1.tgz",
			"integrity": "sha512-m21N3WOmEEURgk6B9GLOE4RuWOFf28Lhh9qGYeNlGq4VDXUlJy2th2slBNU8Gp8EzloYZOibZJ7t5ecIrFSjVA==",
			"requires": {
				"asynckit": "^0.4.0",
				"combined-stream": "^1.0.6",
				"mime-types": "^2.1.12"
			}
		},
		"formidable": {
			"version": "1.2.2",
			"resolved": "https://registry.npmjs.org/formidable/-/formidable-1.2.2.tgz",
			"integrity": "sha512-V8gLm+41I/8kguQ4/o1D3RIHRmhYFG4pnNyonvua+40rqcEmT4+V71yaZ3B457xbbgCsCfjSPi65u/W6vK1U5Q=="
		},
		"has-binary2": {
			"version": "1.0.3",
			"resolved": "https://registry.npmjs.org/has-binary2/-/has-binary2-1.0.3.tgz",
			"integrity": "sha512-G1LWKhDSvhGeAQ8mPVQlqNcOB2sJdwATtZKl2pDKKHfpf/rYj24lkinxf69blJbnsvtqqNU+L3SL50vzZhXOnw==",
			"requires": {
				"isarray": "2.0.1"
			},
			"dependencies": {
				"isarray": {
					"version": "2.0.1",
					"resolved": "https://registry.npmjs.org/isarray/-/isarray-2.0.1.tgz",
					"integrity": "sha1-o32U7ZzaLVmGXJ92/llu4fM4dB4="
				}
			}
		},
		"has-cors": {
			"version": "1.1.0",
			"resolved": "https://registry.npmjs.org/has-cors/-/has-cors-1.1.0.tgz",
			"integrity": "sha1-XkdHk/fqmEPRu5nCPu9J/xJv/zk="
		},
		"history": {
			"version": "4.10.1",
			"resolved": "https://registry.npmjs.org/history/-/history-4.10.1.tgz",
			"integrity": "sha512-36nwAD620w12kuzPAsyINPWJqlNbij+hpK1k9XRloDtym8mxzGYl2c17LnV6IAGB2Dmg4tEa7G7DlawS0+qjew==",
			"requires": {
				"@babel/runtime": "^7.1.2",
				"loose-envify": "^1.2.0",
				"resolve-pathname": "^3.0.0",
				"tiny-invariant": "^1.0.2",
				"tiny-warning": "^1.0.0",
				"value-equal": "^1.0.1"
			}
		},
		"hoist-non-react-statics": {
			"version": "3.3.2",
			"resolved": "https://registry.npmjs.org/hoist-non-react-statics/-/hoist-non-react-statics-3.3.2.tgz",
			"integrity": "sha512-/gGivxi8JPKWNm/W0jSmzcMPpfpPLc3dY/6GxhX2hQ9iGj3aDfklV4ET7NjKpSinLpJ5vafa9iiGIEZg10SfBw==",
			"requires": {
				"react-is": "^16.7.0"
			}
		},
		"idtoken-verifier": {
			"version": "2.0.3",
			"resolved": "https://registry.npmjs.org/idtoken-verifier/-/idtoken-verifier-2.0.3.tgz",
			"integrity": "sha512-X1izD2ZTMoo+2tw2RKVUvvCSw2B6UOCNMJ0bgHRH758LFTMwBf4JZfCZm61MPBaBW2CIuhkcSnKCZP6jXpSDmw==",
			"requires": {
				"base64-js": "^1.3.0",
				"crypto-js": "^3.2.1",
				"es6-promise": "^4.2.8",
				"jsbn": "^1.1.0",
				"unfetch": "^4.1.0",
				"url-join": "^4.0.1"
			}
		},
		"indexof": {
			"version": "0.0.1",
			"resolved": "https://registry.npmjs.org/indexof/-/indexof-0.0.1.tgz",
			"integrity": "sha1-gtwzbSMrkGIXnQWrMpOmYFn9Q10="
		},
		"inherits": {
			"version": "2.0.4",
			"resolved": "https://registry.npmjs.org/inherits/-/inherits-2.0.4.tgz",
			"integrity": "sha512-k/vGaX4/Yla3WzyMCvTQOXYeIHvqOKtnqBduzTHpzpQZzAskKMhZ2K+EnBiSM9zGSoIFeMpXKxa4dYeZIQqewQ=="
		},
		"invariant": {
			"version": "2.2.4",
			"resolved": "https://registry.npmjs.org/invariant/-/invariant-2.2.4.tgz",
			"integrity": "sha512-phJfQVBuaJM5raOpJjSfkiD6BpbCE4Ns//LaXl6wGYtUBY83nWS6Rf9tXm2e8VaK60JEjYldbPif/A2B1C2gNA==",
			"requires": {
				"loose-envify": "^1.0.0"
			}
		},
		"isarray": {
			"version": "1.0.0",
			"resolved": "https://registry.npmjs.org/isarray/-/isarray-1.0.0.tgz",
			"integrity": "sha1-u5NdSFgsuhaMBoNJV6VKPgcSTxE="
		},
		"js-cookie": {
			"version": "2.2.1",
			"resolved": "https://registry.npmjs.org/js-cookie/-/js-cookie-2.2.1.tgz",
			"integrity": "sha512-HvdH2LzI/EAZcUwA8+0nKNtWHqS+ZmijLA30RwZA0bo7ToCckjK5MkGhjED9KoRcXO6BaGI3I9UIzSA1FKFPOQ=="
		},
		"js-tokens": {
			"version": "4.0.0",
			"resolved": "https://registry.npmjs.org/js-tokens/-/js-tokens-4.0.0.tgz",
			"integrity": "sha512-RdJUflcE3cUzKiMqQgsCu06FPu9UdIJO0beYbPhHN4k6apgJtifcoCtT9bcxOpYBtpD2kCM6Sbzg4CausW/PKQ=="
		},
		"jsbn": {
			"version": "1.1.0",
			"resolved": "https://registry.npmjs.org/jsbn/-/jsbn-1.1.0.tgz",
			"integrity": "sha1-sBMHyym2GKHtJux56RH4A8TaAEA="
		},
		"json2mq": {
			"version": "0.2.0",
			"resolved": "https://registry.npmjs.org/json2mq/-/json2mq-0.2.0.tgz",
			"integrity": "sha1-tje9O6nqvhIsg+lyBIOusQ0skEo=",
			"requires": {
				"string-convert": "^0.2.0"
			}
		},
		"lodash": {
			"version": "4.17.20",
			"resolved": "https://registry.npmjs.org/lodash/-/lodash-4.17.20.tgz",
			"integrity": "sha512-PlhdFcillOINfeV7Ni6oF1TAEayyZBoZ8bcshTHqOYJYlrqzRK5hagpagky5o4HfCzzd1TRkXPMFq6cKk9rGmA=="
		},
		"loose-envify": {
			"version": "1.4.0",
			"resolved": "https://registry.npmjs.org/loose-envify/-/loose-envify-1.4.0.tgz",
			"integrity": "sha512-lyuxPGr/Wfhrlem2CL/UcnUc1zcqKAImBDzukY7Y5F/yQiNdko6+fRLevlw1HgMySw7f611UIY408EtxRSoK3Q==",
			"requires": {
				"js-tokens": "^3.0.0 || ^4.0.0"
			}
		},
		"methods": {
			"version": "1.1.2",
			"resolved": "https://registry.npmjs.org/methods/-/methods-1.1.2.tgz",
			"integrity": "sha1-VSmk1nZUE07cxSZmVoNbD4Ua/O4="
		},
		"mime": {
			"version": "1.6.0",
			"resolved": "https://registry.npmjs.org/mime/-/mime-1.6.0.tgz",
			"integrity": "sha512-x0Vn8spI+wuJ1O6S7gnbaQg8Pxh4NNHb7KSINmEWKiPE4RKOplvijn+NkmYmmRgP68mc70j2EbeTFRsrswaQeg=="
		},
		"mime-db": {
			"version": "1.44.0",
			"resolved": "https://registry.npmjs.org/mime-db/-/mime-db-1.44.0.tgz",
			"integrity": "sha512-/NOTfLrsPBVeH7YtFPgsVWveuL+4SjjYxaQ1xtM1KMFj7HdxlBlxeyNLzhyJVx7r4rZGJAZ/6lkKCitSc/Nmpg=="
		},
		"mime-types": {
			"version": "2.1.27",
			"resolved": "https://registry.npmjs.org/mime-types/-/mime-types-2.1.27.tgz",
			"integrity": "sha512-JIhqnCasI9yD+SsmkquHBxTSEuZdQX5BuQnS2Vc7puQQQ+8yiP5AY5uWhpdv4YL4VM5c6iliiYWPgJ/nJQLp7w==",
			"requires": {
				"mime-db": "1.44.0"
			}
		},
		"mini-create-react-context": {
			"version": "0.4.0",
			"resolved": "https://registry.npmjs.org/mini-create-react-context/-/mini-create-react-context-0.4.0.tgz",
			"integrity": "sha512-b0TytUgFSbgFJGzJqXPKCFCBWigAjpjo+Fl7Vf7ZbKRDptszpppKxXH6DRXEABZ/gcEQczeb0iZ7JvL8e8jjCA==",
			"requires": {
				"@babel/runtime": "^7.5.5",
				"tiny-warning": "^1.0.3"
			}
		},
		"ms": {
			"version": "2.1.2",
			"resolved": "https://registry.npmjs.org/ms/-/ms-2.1.2.tgz",
			"integrity": "sha512-sGkPx+VjMtmA6MX27oA4FBFELFCZZ4S4XqeGOXCv68tT+jb3vk/RyaKWP0PTKyWtmLSM0b+adUTEvbs1PEaH2w=="
		},
		"object-assign": {
			"version": "4.1.1",
			"resolved": "https://registry.npmjs.org/object-assign/-/object-assign-4.1.1.tgz",
			"integrity": "sha1-IQmtx5ZYh8/AXLvUQsrIv7s2CGM="
		},
		"object-component": {
			"version": "0.0.3",
			"resolved": "https://registry.npmjs.org/object-component/-/object-component-0.0.3.tgz",
			"integrity": "sha1-8MaapQ78lbhmwYb0AKM3acsvEpE="
		},
		"parseqs": {
			"version": "0.0.5",
			"resolved": "https://registry.npmjs.org/parseqs/-/parseqs-0.0.5.tgz",
			"integrity": "sha1-1SCKNzjkZ2bikbouoXNoSSGouJ0=",
			"requires": {
				"better-assert": "~1.0.0"
			}
		},
		"parseuri": {
			"version": "0.0.5",
			"resolved": "https://registry.npmjs.org/parseuri/-/parseuri-0.0.5.tgz",
			"integrity": "sha1-gCBKUNTbt3m/3G6+J3jZDkvOMgo=",
			"requires": {
				"better-assert": "~1.0.0"
			}
		},
		"path-to-regexp": {
			"version": "1.8.0",
			"resolved": "https://registry.npmjs.org/path-to-regexp/-/path-to-regexp-1.8.0.tgz",
			"integrity": "sha512-n43JRhlUKUAlibEJhPeir1ncUID16QnEjNpwzNdO3Lm4ywrBpBZ5oLD0I6br9evr1Y9JTqwRtAh7JLoOzAQdVA==",
			"requires": {
				"isarray": "0.0.1"
			},
			"dependencies": {
				"isarray": {
					"version": "0.0.1",
					"resolved": "https://registry.npmjs.org/isarray/-/isarray-0.0.1.tgz",
					"integrity": "sha1-ihis/Kmo9Bd+Cav8YDiTmwXR7t8="
				}
			}
		},
		"pepjs": {
			"version": "0.5.2",
			"resolved": "https://registry.npmjs.org/pepjs/-/pepjs-0.5.2.tgz",
			"integrity": "sha512-acPfplXnTKaG8p7VBgkNaBJSGsZu7LYrqEmLCQFoeHYl21B74mMBeVoQA/Gl9u5GmysgzrOCeHsEjw0mXo61nw=="
		},
		"process-nextick-args": {
			"version": "2.0.1",
			"resolved": "https://registry.npmjs.org/process-nextick-args/-/process-nextick-args-2.0.1.tgz",
			"integrity": "sha512-3ouUOpQhtgrbOa17J7+uxOTpITYWaGP7/AhoR3+A+/1e9skrzelGi/dXzEYyvbxubEF6Wn2ypscTKiKJFFn1ag=="
		},
		"prop-types": {
			"version": "15.7.2",
			"resolved": "https://registry.npmjs.org/prop-types/-/prop-types-15.7.2.tgz",
			"integrity": "sha512-8QQikdH7//R2vurIJSutZ1smHYTcLpRWEOlHnzcWHmBYrOGUysKwSsrC89BCiFj3CbrfJ/nXFdJepOVrY1GCHQ==",
			"requires": {
				"loose-envify": "^1.4.0",
				"object-assign": "^4.1.1",
				"react-is": "^16.8.1"
			}
		},
		"qs": {
			"version": "6.9.4",
			"resolved": "https://registry.npmjs.org/qs/-/qs-6.9.4.tgz",
			"integrity": "sha512-A1kFqHekCTM7cz0udomYUoYNWjBebHm/5wzU/XqrBRBNWectVH0QIiN+NEcZ0Dte5hvzHwbr8+XQmguPhJ6WdQ=="
		},
		"react": {
			"version": "16.13.1",
			"resolved": "https://registry.npmjs.org/react/-/react-16.13.1.tgz",
			"integrity": "sha512-YMZQQq32xHLX0bz5Mnibv1/LHb3Sqzngu7xstSM+vrkE5Kzr9xE0yMByK5kMoTK30YVJE61WfbxIFFvfeDKT1w==",
			"requires": {
				"loose-envify": "^1.1.0",
				"object-assign": "^4.1.1",
				"prop-types": "^15.6.2"
			}
		},
		"react-dnd": {
			"version": "10.0.2",
			"resolved": "https://registry.npmjs.org/react-dnd/-/react-dnd-10.0.2.tgz",
			"integrity": "sha512-SC2Ymvntynhoqtf5zaFhZscm9xenCoMofilxPdlwUlaelAzmbl9fw82C4ZJ//+lNm3kWAKXjGDZg2/aWjKEAtg==",
			"requires": {
				"@react-dnd/shallowequal": "^2.0.0",
				"@types/hoist-non-react-statics": "^3.3.1",
				"dnd-core": "^10.0.2",
				"hoist-non-react-statics": "^3.3.0"
			}
		},
		"react-dnd-html5-backend": {
			"version": "10.0.2",
			"resolved": "https://registry.npmjs.org/react-dnd-html5-backend/-/react-dnd-html5-backend-10.0.2.tgz",
			"integrity": "sha512-ny17gUdInZ6PIGXdzfwPhoztRdNVVvjoJMdG80hkDBamJBeUPuNF2Wv4D3uoQJLjXssX1+i9PhBqc7EpogClwQ==",
			"requires": {
				"dnd-core": "^10.0.2"
			}
		},
		"react-dnd-multi-backend": {
			"version": "5.0.1",
			"resolved": "https://registry.npmjs.org/react-dnd-multi-backend/-/react-dnd-multi-backend-5.0.1.tgz",
			"integrity": "sha512-E45T5xVl4CLt9QFV9ZMjWCGLyF16+B6B6FgbeZE9J5o0rvLHaCqyAJTelRDXtbSiSBPaDlN1STO86jkiD31AHA==",
			"requires": {
				"dnd-multi-backend": "^5.0.1",
				"prop-types": "^15.7.2",
				"react-dnd-preview": "^5.0.1"
			}
		},
		"react-dnd-preview": {
			"version": "5.0.1",
			"resolved": "https://registry.npmjs.org/react-dnd-preview/-/react-dnd-preview-5.0.1.tgz",
			"integrity": "sha512-wwUgk8jWuO4WMOoa+GviHoZyYAiXer6vsSW2aEhpz0gsde08O+4cI+j7DG7q9vYlBnljNutdQ1WjDV0VskZ4jQ==",
			"requires": {
				"prop-types": "^15.7.2"
			}
		},
		"react-dnd-touch-backend": {
			"version": "10.0.2",
			"resolved": "https://registry.npmjs.org/react-dnd-touch-backend/-/react-dnd-touch-backend-10.0.2.tgz",
			"integrity": "sha512-+lW/Ern0dKyHToD0oP+Wc/ZD6l7qJazosLqbjzL7OnPlig6WxdlrHkJylOLkeAdZj41fIJJ551Lb57pIL0CcPw==",
			"requires": {
				"@react-dnd/invariant": "^2.0.0",
				"dnd-core": "^10.0.2"
			}
		},
		"react-dom": {
			"version": "16.13.1",
			"resolved": "https://registry.npmjs.org/react-dom/-/react-dom-16.13.1.tgz",
			"integrity": "sha512-81PIMmVLnCNLO/fFOQxdQkvEq/+Hfpv24XNJfpyZhTRfO0QcmQIF/PgCa1zCOj2w1hrn12MFLyaJ/G0+Mxtfag==",
			"requires": {
				"loose-envify": "^1.1.0",
				"object-assign": "^4.1.1",
				"prop-types": "^15.6.2",
				"scheduler": "^0.19.1"
			}
		},
		"react-is": {
			"version": "16.13.1",
			"resolved": "https://registry.npmjs.org/react-is/-/react-is-16.13.1.tgz",
			"integrity": "sha512-24e6ynE2H+OKt4kqsOvNd8kBpV65zoxbA4BVsEOB3ARVWQki/DHzaUoC5KuON/BiccDaCCTZBuOcfZs70kR8bQ=="
		},
		"react-media": {
			"version": "1.10.0",
			"resolved": "https://registry.npmjs.org/react-media/-/react-media-1.10.0.tgz",
			"integrity": "sha512-FjgYmFoaPTImST06jqotuu0Mk8LOXiGYS/fIyiXuLnf20l3DPniBwtrxi604/HxxjqvmHS3oz5rAwnqdvosV4A==",
			"requires": {
				"@babel/runtime": "^7.2.0",
				"invariant": "^2.2.2",
				"json2mq": "^0.2.0",
				"prop-types": "^15.5.10"
			}
		},
		"react-redux": {
			"version": "7.2.1",
			"resolved": "https://registry.npmjs.org/react-redux/-/react-redux-7.2.1.tgz",
			"integrity": "sha512-T+VfD/bvgGTUA74iW9d2i5THrDQWbweXP0AVNI8tNd1Rk5ch1rnMiJkDD67ejw7YBKM4+REvcvqRuWJb7BLuEg==",
			"requires": {
				"@babel/runtime": "^7.5.5",
				"hoist-non-react-statics": "^3.3.0",
				"loose-envify": "^1.4.0",
				"prop-types": "^15.7.2",
				"react-is": "^16.9.0"
			}
		},
		"react-router": {
			"version": "5.2.0",
			"resolved": "https://registry.npmjs.org/react-router/-/react-router-5.2.0.tgz",
			"integrity": "sha512-smz1DUuFHRKdcJC0jobGo8cVbhO3x50tCL4icacOlcwDOEQPq4TMqwx3sY1TP+DvtTgz4nm3thuo7A+BK2U0Dw==",
			"requires": {
				"@babel/runtime": "^7.1.2",
				"history": "^4.9.0",
				"hoist-non-react-statics": "^3.1.0",
				"loose-envify": "^1.3.1",
				"mini-create-react-context": "^0.4.0",
				"path-to-regexp": "^1.7.0",
				"prop-types": "^15.6.2",
				"react-is": "^16.6.0",
				"tiny-invariant": "^1.0.2",
				"tiny-warning": "^1.0.0"
			}
		},
		"react-router-dom": {
			"version": "5.2.0",
			"resolved": "https://registry.npmjs.org/react-router-dom/-/react-router-dom-5.2.0.tgz",
			"integrity": "sha512-gxAmfylo2QUjcwxI63RhQ5G85Qqt4voZpUXSEqCwykV0baaOTQDR1f0PmY8AELqIyVc0NEZUj0Gov5lNGcXgsA==",
			"requires": {
				"@babel/runtime": "^7.1.2",
				"history": "^4.9.0",
				"loose-envify": "^1.3.1",
				"prop-types": "^15.6.2",
				"react-router": "5.2.0",
				"tiny-invariant": "^1.0.2",
				"tiny-warning": "^1.0.0"
			}
		},
		"readable-stream": {
			"version": "2.3.7",
			"resolved": "https://registry.npmjs.org/readable-stream/-/readable-stream-2.3.7.tgz",
			"integrity": "sha512-Ebho8K4jIbHAxnuxi7o42OrZgF/ZTNcsZj6nRKyUmkhLFq8CHItp/fy6hQZuZmP/n3yZ9VBUbp4zz/mX8hmYPw==",
			"requires": {
				"core-util-is": "~1.0.0",
				"inherits": "~2.0.3",
				"isarray": "~1.0.0",
				"process-nextick-args": "~2.0.0",
				"safe-buffer": "~5.1.1",
				"string_decoder": "~1.1.1",
				"util-deprecate": "~1.0.1"
			}
		},
		"redux": {
			"version": "4.0.5",
			"resolved": "https://registry.npmjs.org/redux/-/redux-4.0.5.tgz",
			"integrity": "sha512-VSz1uMAH24DM6MF72vcojpYPtrTUu3ByVWfPL1nPfVRb5mZVTve5GnNCUV53QM/BZ66xfWrm0CTWoM+Xlz8V1w==",
			"requires": {
				"loose-envify": "^1.4.0",
				"symbol-observable": "^1.2.0"
			}
		},
		"redux-devtools-extension": {
			"version": "2.13.8",
			"resolved": "https://registry.npmjs.org/redux-devtools-extension/-/redux-devtools-extension-2.13.8.tgz",
			"integrity": "sha512-8qlpooP2QqPtZHQZRhx3x3OP5skEV1py/zUdMY28WNAocbafxdG2tRD1MWE7sp8obGMNYuLWanhhQ7EQvT1FBg=="
		},
		"redux-saga": {
			"version": "1.1.3",
			"resolved": "https://registry.npmjs.org/redux-saga/-/redux-saga-1.1.3.tgz",
			"integrity": "sha512-RkSn/z0mwaSa5/xH/hQLo8gNf4tlvT18qXDNvedihLcfzh+jMchDgaariQoehCpgRltEm4zHKJyINEz6aqswTw==",
			"requires": {
				"@redux-saga/core": "^1.1.3"
			}
		},
		"regenerator-runtime": {
			"version": "0.13.7",
			"resolved": "https://registry.npmjs.org/regenerator-runtime/-/regenerator-runtime-0.13.7.tgz",
			"integrity": "sha512-a54FxoJDIr27pgf7IgeQGxmqUNYrcV338lf/6gH456HZ/PhX+5BcwHXG9ajESmwe6WRO0tAzRUrRmNONWgkrew=="
		},
		"reselect": {
			"version": "4.0.0",
			"resolved": "https://registry.npmjs.org/reselect/-/reselect-4.0.0.tgz",
			"integrity": "sha512-qUgANli03jjAyGlnbYVAV5vvnOmJnODyABz51RdBN7M4WaVu8mecZWgyQNkG8Yqe3KRGRt0l4K4B3XVEULC4CA=="
		},
		"resolve-pathname": {
			"version": "3.0.0",
			"resolved": "https://registry.npmjs.org/resolve-pathname/-/resolve-pathname-3.0.0.tgz",
			"integrity": "sha512-C7rARubxI8bXFNB/hqcp/4iUeIXJhJZvFPFPiSPRnhU5UPxzMFIl+2E6yY6c4k9giDJAhtV+enfA+G89N6Csng=="
		},
		"safe-buffer": {
			"version": "5.1.2",
			"resolved": "https://registry.npmjs.org/safe-buffer/-/safe-buffer-5.1.2.tgz",
			"integrity": "sha512-Gd2UZBJDkXlY7GbJxfsE8/nvKkUEU1G38c1siN6QP6a9PT9MmHB8GnpscSmMJSoF8LOIrt8ud/wPtojys4G6+g=="
		},
		"scheduler": {
			"version": "0.19.1",
			"resolved": "https://registry.npmjs.org/scheduler/-/scheduler-0.19.1.tgz",
			"integrity": "sha512-n/zwRWRYSUj0/3g/otKDRPMh6qv2SYMWNq85IEa8iZyAv8od9zDYpGSnpBEjNgcMNq6Scbu5KfIPxNF72R/2EA==",
			"requires": {
				"loose-envify": "^1.1.0",
				"object-assign": "^4.1.1"
			}
		},
		"socket.io-client": {
			"version": "2.3.0",
			"resolved": "https://registry.npmjs.org/socket.io-client/-/socket.io-client-2.3.0.tgz",
			"integrity": "sha512-cEQQf24gET3rfhxZ2jJ5xzAOo/xhZwK+mOqtGRg5IowZsMgwvHwnf/mCRapAAkadhM26y+iydgwsXGObBB5ZdA==",
			"requires": {
				"backo2": "1.0.2",
				"base64-arraybuffer": "0.1.5",
				"component-bind": "1.0.0",
				"component-emitter": "1.2.1",
				"debug": "~4.1.0",
				"engine.io-client": "~3.4.0",
				"has-binary2": "~1.0.2",
				"has-cors": "1.1.0",
				"indexof": "0.0.1",
				"object-component": "0.0.3",
				"parseqs": "0.0.5",
				"parseuri": "0.0.5",
				"socket.io-parser": "~3.3.0",
				"to-array": "0.1.4"
			},
			"dependencies": {
				"component-emitter": {
					"version": "1.2.1",
					"resolved": "https://registry.npmjs.org/component-emitter/-/component-emitter-1.2.1.tgz",
					"integrity": "sha1-E3kY1teCg/ffemt8WmPhQOaUJeY="
				},
				"debug": {
					"version": "4.1.1",
					"resolved": "https://registry.npmjs.org/debug/-/debug-4.1.1.tgz",
					"integrity": "sha512-pYAIzeRo8J6KPEaJ0VWOh5Pzkbw/RetuzehGM7QRRX5he4fPHx2rdKMB256ehJCkX+XRQm16eZLqLNS8RSZXZw==",
					"requires": {
						"ms": "^2.1.1"
					}
				}
			}
		},
		"socket.io-parser": {
			"version": "3.3.0",
			"resolved": "https://registry.npmjs.org/socket.io-parser/-/socket.io-parser-3.3.0.tgz",
			"integrity": "sha512-hczmV6bDgdaEbVqhAeVMM/jfUfzuEZHsQg6eOmLgJht6G3mPKMxYm75w2+qhAQZ+4X+1+ATZ+QFKeOZD5riHng==",
			"requires": {
				"component-emitter": "1.2.1",
				"debug": "~3.1.0",
				"isarray": "2.0.1"
			},
			"dependencies": {
				"component-emitter": {
					"version": "1.2.1",
					"resolved": "https://registry.npmjs.org/component-emitter/-/component-emitter-1.2.1.tgz",
					"integrity": "sha1-E3kY1teCg/ffemt8WmPhQOaUJeY="
				},
				"debug": {
					"version": "3.1.0",
					"resolved": "https://registry.npmjs.org/debug/-/debug-3.1.0.tgz",
					"integrity": "sha512-OX8XqP7/1a9cqkxYw2yXss15f26NKWBpDXQd0/uK/KPqdQhxbPa994hnzjcE2VqQpDslf55723cKPUOGSmMY3g==",
					"requires": {
						"ms": "2.0.0"
					}
				},
				"isarray": {
					"version": "2.0.1",
					"resolved": "https://registry.npmjs.org/isarray/-/isarray-2.0.1.tgz",
					"integrity": "sha1-o32U7ZzaLVmGXJ92/llu4fM4dB4="
				},
				"ms": {
					"version": "2.0.0",
					"resolved": "https://registry.npmjs.org/ms/-/ms-2.0.0.tgz",
					"integrity": "sha1-VgiurfwAvmwpAd9fmGF4jeDVl8g="
				}
			}
		},
		"string-convert": {
			"version": "0.2.1",
			"resolved": "https://registry.npmjs.org/string-convert/-/string-convert-0.2.1.tgz",
			"integrity": "sha1-aYLMMEn7tM2F+LJFaLnZvznu/5c="
		},
		"string_decoder": {
			"version": "1.1.1",
			"resolved": "https://registry.npmjs.org/string_decoder/-/string_decoder-1.1.1.tgz",
			"integrity": "sha512-n/ShnvDi6FHbbVfviro+WojiFzv+s8MPMHBczVePfUpDJLwoLT0ht1l4YwBCbi8pJAveEEdnkHyPyTP/mzRfwg==",
			"requires": {
				"safe-buffer": "~5.1.0"
			}
		},
		"superagent": {
			"version": "3.8.3",
			"resolved": "https://registry.npmjs.org/superagent/-/superagent-3.8.3.tgz",
			"integrity": "sha512-GLQtLMCoEIK4eDv6OGtkOoSMt3D+oq0y3dsxMuYuDvaNUvuT8eFBuLmfR0iYYzHC1e8hpzC6ZsxbuP6DIalMFA==",
			"requires": {
				"component-emitter": "^1.2.0",
				"cookiejar": "^2.1.0",
				"debug": "^3.1.0",
				"extend": "^3.0.0",
				"form-data": "^2.3.1",
				"formidable": "^1.2.0",
				"methods": "^1.1.1",
				"mime": "^1.4.1",
				"qs": "^6.5.1",
				"readable-stream": "^2.3.5"
			}
		},
		"symbol-observable": {
			"version": "1.2.0",
			"resolved": "https://registry.npmjs.org/symbol-observable/-/symbol-observable-1.2.0.tgz",
			"integrity": "sha512-e900nM8RRtGhlV36KGEU9k65K3mPb1WV70OdjfxlG2EAuM1noi/E/BaW/uMhL7bPEssK8QV57vN3esixjUvcXQ=="
		},
		"tiny-invariant": {
			"version": "1.1.0",
			"resolved": "https://registry.npmjs.org/tiny-invariant/-/tiny-invariant-1.1.0.tgz",
			"integrity": "sha512-ytxQvrb1cPc9WBEI/HSeYYoGD0kWnGEOR8RY6KomWLBVhqz0RgTwVO9dLrGz7dC+nN9llyI7OKAgRq8Vq4ZBSw=="
		},
		"tiny-warning": {
			"version": "1.0.3",
			"resolved": "https://registry.npmjs.org/tiny-warning/-/tiny-warning-1.0.3.tgz",
			"integrity": "sha512-lBN9zLN/oAf68o3zNXYrdCt1kP8WsiGW8Oo2ka41b2IM5JL/S1CTyX1rW0mb/zSuJun0ZUrDxx4sqvYS2FWzPA=="
		},
		"to-array": {
			"version": "0.1.4",
			"resolved": "https://registry.npmjs.org/to-array/-/to-array-0.1.4.tgz",
			"integrity": "sha1-F+bBH3PdTz10zaek/zI46a2b+JA="
		},
		"typescript-compare": {
			"version": "0.0.2",
			"resolved": "https://registry.npmjs.org/typescript-compare/-/typescript-compare-0.0.2.tgz",
			"integrity": "sha512-8ja4j7pMHkfLJQO2/8tut7ub+J3Lw2S3061eJLFQcvs3tsmJKp8KG5NtpLn7KcY2w08edF74BSVN7qJS0U6oHA==",
			"requires": {
				"typescript-logic": "^0.0.0"
			}
		},
		"typescript-logic": {
			"version": "0.0.0",
			"resolved": "https://registry.npmjs.org/typescript-logic/-/typescript-logic-0.0.0.tgz",
			"integrity": "sha512-zXFars5LUkI3zP492ls0VskH3TtdeHCqu0i7/duGt60i5IGPIpAHE/DWo5FqJ6EjQ15YKXrt+AETjv60Dat34Q=="
		},
		"typescript-tuple": {
			"version": "2.2.1",
			"resolved": "https://registry.npmjs.org/typescript-tuple/-/typescript-tuple-2.2.1.tgz",
			"integrity": "sha512-Zcr0lbt8z5ZdEzERHAMAniTiIKerFCMgd7yjq1fPnDJ43et/k9twIFQMUYff9k5oXcsQ0WpvFcgzK2ZKASoW6Q==",
			"requires": {
				"typescript-compare": "^0.0.2"
			}
		},
		"unfetch": {
			"version": "4.1.0",
			"resolved": "https://registry.npmjs.org/unfetch/-/unfetch-4.1.0.tgz",
			"integrity": "sha512-crP/n3eAPUJxZXM9T80/yv0YhkTEx2K1D3h7D1AJM6fzsWZrxdyRuLN0JH/dkZh1LNH8LxCnBzoPFCPbb2iGpg=="
		},
		"url-join": {
			"version": "4.0.1",
			"resolved": "https://registry.npmjs.org/url-join/-/url-join-4.0.1.tgz",
			"integrity": "sha512-jk1+QP6ZJqyOiuEI9AEWQfju/nB2Pw466kbA0LEZljHwKeMgd9WrAEgEGxjPDD2+TNbbb37rTyhEfrCXfuKXnA=="
		},
		"urs": {
			"version": "0.0.7",
			"resolved": "https://registry.npmjs.org/urs/-/urs-0.0.7.tgz",
			"integrity": "sha512-NDwuby5BP7D60RjHlow8Gch4yfglLdCpZagGeVDZNcL+jsA2v6RcBhPTJraqq1oQ1U3LT1bQfgmwgNUUIFht+g=="
		},
		"use-http": {
			"version": "1.0.15",
			"resolved": "https://registry.npmjs.org/use-http/-/use-http-1.0.15.tgz",
			"integrity": "sha512-Gw0QyPELU9Zkr7oQrMDNfseWbBnNnzimG8H4jtLwjI9ZwdiCDOfUO4D4puFG92HIcTIRKnT7P0KsbqO8uMGbrg==",
			"requires": {
				"urs": "^0.0.7",
				"use-ssr": "^1.0.22",
				"utility-types": "^3.10.0"
			}
		},
		"use-ssr": {
			"version": "1.0.23",
			"resolved": "https://registry.npmjs.org/use-ssr/-/use-ssr-1.0.23.tgz",
			"integrity": "sha512-5bvlssgROgPgIrnILJe2mJch4e2Id0/bVm1SQzqvPvEAXmlsinCCVHWK3a2iHcPat7PkdJHBo0gmSmODIz6tNA=="
		},
		"util-deprecate": {
			"version": "1.0.2",
			"resolved": "https://registry.npmjs.org/util-deprecate/-/util-deprecate-1.0.2.tgz",
			"integrity": "sha1-RQ1Nyfpw3nMnYvvS1KKJgUGaDM8="
		},
		"utility-types": {
			"version": "3.10.0",
			"resolved": "https://registry.npmjs.org/utility-types/-/utility-types-3.10.0.tgz",
			"integrity": "sha512-O11mqxmi7wMKCo6HKFt5AhO4BwY3VV68YU07tgxfz8zJTIxr4BpsezN49Ffwy9j3ZpwwJp4fkRwjRzq3uWE6Rg=="
		},
		"value-equal": {
			"version": "1.0.1",
			"resolved": "https://registry.npmjs.org/value-equal/-/value-equal-1.0.1.tgz",
			"integrity": "sha512-NOJ6JZCAWr0zlxZt+xqCHNTEKOsrks2HQd4MqhP1qy4z1SkbEP467eNx6TgDKXMvUOb+OENfJCZwM+16n7fRfw=="
		},
		"winchan": {
			"version": "0.2.2",
			"resolved": "https://registry.npmjs.org/winchan/-/winchan-0.2.2.tgz",
			"integrity": "sha512-pvN+IFAbRP74n/6mc6phNyCH8oVkzXsto4KCHPJ2AScniAnA1AmeLI03I2BzjePpaClGSI4GUMowzsD3qz5PRQ=="
		},
		"ws": {
			"version": "6.1.4",
			"resolved": "https://registry.npmjs.org/ws/-/ws-6.1.4.tgz",
			"integrity": "sha512-eqZfL+NE/YQc1/ZynhojeV8q+H050oR8AZ2uIev7RU10svA9ZnJUddHcOUZTJLinZ9yEfdA2kSATS2qZK5fhJA==",
			"requires": {
				"async-limiter": "~1.0.0"
			}
		},
		"xmlhttprequest-ssl": {
			"version": "1.5.5",
			"resolved": "https://registry.npmjs.org/xmlhttprequest-ssl/-/xmlhttprequest-ssl-1.5.5.tgz",
			"integrity": "sha1-wodrBhaKrcQOV9l+gRkayPQ5iz4="
		},
		"yeast": {
			"version": "0.1.2",
			"resolved": "https://registry.npmjs.org/yeast/-/yeast-0.1.2.tgz",
			"integrity": "sha1-AI4G2AlDIMNy28L47XagymyKxBk="
		}
	}
}
